
Microsoft Visual Studio Solution File, Format Version 12.00
# Visual Studio Version 17
VisualStudioVersion = 17.5.002.0
MinimumVisualStudioVersion = 10.0.40219.1
Project("{9A19103F-16F7-4668-BE54-9A1E7A4F7556}") = "demo-dot9-5003-app", "demo-dot9-5003-app.csproj", "{F4E1B39D-19B1-4145-98DE-10E2714E1830}"
EndProject
Global
	GlobalSection(SolutionConfigurationPlatforms) = preSolution
		Debug|Any CPU = Debug|Any CPU
		Release|Any CPU = Release|Any CPU
	EndGlobalSection
	GlobalSection(ProjectConfigurationPlatforms) = postSolution
		{F4E1B39D-19B1-4145-98DE-10E2714E1830}.Debug|Any CPU.ActiveCfg = Debug|Any CPU
		{F4E1B39D-19B1-4145-98DE-10E2714E1830}.Debug|Any CPU.Build.0 = Debug|Any CPU
		{F4E1B39D-19B1-4145-98DE-10E2714E1830}.Release|Any CPU.ActiveCfg = Release|Any CPU
		{F4E1B39D-19B1-4145-98DE-10E2714E1830}.Release|Any CPU.Build.0 = Release|Any CPU
	EndGlobalSection
	GlobalSection(SolutionProperties) = preSolution
		HideSolutionNode = FALSE
	EndGlobalSection
	GlobalSection(ExtensibilityGlobals) = postSolution
		SolutionGuid = {A39D6F12-00BD-4239-9120-216CC4D7278D}
	EndGlobalSection
EndGlobal
